// !$*UTF8*$!
{
	archiveVersion = 1;
	classes = {
	};
	objectVersion = 56;
	objects = {

/* Begin PBXBuildFile section */
		CDBFFB032BD597AF007B3F82 /* HolyFly_ChallengeApp.swift in Sources */ = {isa = PBXBuildFile; fileRef = CDBFFB022BD597AF007B3F82 /* HolyFly_ChallengeApp.swift */; };
		CDBFFB052BD597AF007B3F82 /* ContentView.swift in Sources */ = {isa = PBXBuildFile; fileRef = CDBFFB042BD597AF007B3F82 /* ContentView.swift */; };
		CDBFFB072BD597B0007B3F82 /* Assets.xcassets in Resources */ = {isa = PBXBuildFile; fileRef = CDBFFB062BD597B0007B3F82 /* Assets.xcassets */; };
		CDBFFB0A2BD597B0007B3F82 /* Preview Assets.xcassets in Resources */ = {isa = PBXBuildFile; fileRef = CDBFFB092BD597B0007B3F82 /* Preview Assets.xcassets */; };
		CDBFFB0C2BD597B0007B3F82 /* Persistence.swift in Sources */ = {isa = PBXBuildFile; fileRef = CDBFFB0B2BD597B0007B3F82 /* Persistence.swift */; };
		CDBFFB0F2BD597B0007B3F82 /* HolyFly_Challenge.xcdatamodeld in Sources */ = {isa = PBXBuildFile; fileRef = CDBFFB0D2BD597B0007B3F82 /* HolyFly_Challenge.xcdatamodeld */; };
		CDBFFB192BD597B0007B3F82 /* HolyFly_ChallengeTests.swift in Sources */ = {isa = PBXBuildFile; fileRef = CDBFFB182BD597B0007B3F82 /* HolyFly_ChallengeTests.swift */; };
		CDBFFB232BD597B0007B3F82 /* HolyFly_ChallengeUITests.swift in Sources */ = {isa = PBXBuildFile; fileRef = CDBFFB222BD597B0007B3F82 /* HolyFly_ChallengeUITests.swift */; };
		CDBFFB252BD597B0007B3F82 /* HolyFly_ChallengeUITestsLaunchTests.swift in Sources */ = {isa = PBXBuildFile; fileRef = CDBFFB242BD597B0007B3F82 /* HolyFly_ChallengeUITestsLaunchTests.swift */; };
		CDBFFB3B2BD62F40007B3F82 /* PokemonView.swift in Sources */ = {isa = PBXBuildFile; fileRef = CDBFFB3A2BD62F40007B3F82 /* PokemonView.swift */; };
		CDBFFB3D2BD62F48007B3F82 /* PokemonViewCell.swift in Sources */ = {isa = PBXBuildFile; fileRef = CDBFFB3C2BD62F48007B3F82 /* PokemonViewCell.swift */; };
/* End PBXBuildFile section */

/* Begin PBXContainerItemProxy section */
		CDBFFB152BD597B0007B3F82 /* PBXContainerItemProxy */ = {
			isa = PBXContainerItemProxy;
			containerPortal = CDBFFAF72BD597AF007B3F82 /* Project object */;
			proxyType = 1;
			remoteGlobalIDString = CDBFFAFE2BD597AF007B3F82;
			remoteInfo = HolyFly_Challenge;
		};
		CDBFFB1F2BD597B0007B3F82 /* PBXContainerItemProxy */ = {
			isa = PBXContainerItemProxy;
			containerPortal = CDBFFAF72BD597AF007B3F82 /* Project object */;
			proxyType = 1;
			remoteGlobalIDString = CDBFFAFE2BD597AF007B3F82;
			remoteInfo = HolyFly_Challenge;
		};
/* End PBXContainerItemProxy section */

/* Begin PBXFileReference section */
		CDBFFAFF2BD597AF007B3F82 /* HolyFly_Challenge.app */ = {isa = PBXFileReference; explicitFileType = wrapper.application; includeInIndex = 0; path = HolyFly_Challenge.app; sourceTree = BUILT_PRODUCTS_DIR; };
		CDBFFB022BD597AF007B3F82 /* HolyFly_ChallengeApp.swift */ = {isa = PBXFileReference; lastKnownFileType = sourcecode.swift; path = HolyFly_ChallengeApp.swift; sourceTree = "<group>"; };
		CDBFFB042BD597AF007B3F82 /* ContentView.swift */ = {isa = PBXFileReference; lastKnownFileType = sourcecode.swift; path = ContentView.swift; sourceTree = "<group>"; };
		CDBFFB062BD597B0007B3F82 /* Assets.xcassets */ = {isa = PBXFileReference; lastKnownFileType = folder.assetcatalog; path = Assets.xcassets; sourceTree = "<group>"; };
		CDBFFB092BD597B0007B3F82 /* Preview Assets.xcassets */ = {isa = PBXFileReference; lastKnownFileType = folder.assetcatalog; path = "Preview Assets.xcassets"; sourceTree = "<group>"; };
		CDBFFB0B2BD597B0007B3F82 /* Persistence.swift */ = {isa = PBXFileReference; lastKnownFileType = sourcecode.swift; path = Persistence.swift; sourceTree = "<group>"; };
		CDBFFB0E2BD597B0007B3F82 /* HolyFly_Challenge.xcdatamodel */ = {isa = PBXFileReference; lastKnownFileType = wrapper.xcdatamodel; path = HolyFly_Challenge.xcdatamodel; sourceTree = "<group>"; };
		CDBFFB142BD597B0007B3F82 /* HolyFly_ChallengeTests.xctest */ = {isa = PBXFileReference; explicitFileType = wrapper.cfbundle; includeInIndex = 0; path = HolyFly_ChallengeTests.xctest; sourceTree = BUILT_PRODUCTS_DIR; };
		CDBFFB182BD597B0007B3F82 /* HolyFly_ChallengeTests.swift */ = {isa = PBXFileReference; lastKnownFileType = sourcecode.swift; path = HolyFly_ChallengeTests.swift; sourceTree = "<group>"; };
		CDBFFB1E2BD597B0007B3F82 /* HolyFly_ChallengeUITests.xctest */ = {isa = PBXFileReference; explicitFileType = wrapper.cfbundle; includeInIndex = 0; path = HolyFly_ChallengeUITests.xctest; sourceTree = BUILT_PRODUCTS_DIR; };
		CDBFFB222BD597B0007B3F82 /* HolyFly_ChallengeUITests.swift */ = {isa = PBXFileReference; lastKnownFileType = sourcecode.swift; path = HolyFly_ChallengeUITests.swift; sourceTree = "<group>"; };
		CDBFFB242BD597B0007B3F82 /* HolyFly_ChallengeUITestsLaunchTests.swift */ = {isa = PBXFileReference; lastKnownFileType = sourcecode.swift; path = HolyFly_ChallengeUITestsLaunchTests.swift; sourceTree = "<group>"; };
		CDBFFB3A2BD62F40007B3F82 /* PokemonView.swift */ = {isa = PBXFileReference; lastKnownFileType = sourcecode.swift; path = PokemonView.swift; sourceTree = "<group>"; };
		CDBFFB3C2BD62F48007B3F82 /* PokemonViewCell.swift */ = {isa = PBXFileReference; lastKnownFileType = sourcecode.swift; path = PokemonViewCell.swift; sourceTree = "<group>"; };
/* End PBXFileReference section */

/* Begin PBXFrameworksBuildPhase section */
		CDBFFAFC2BD597AF007B3F82 /* Frameworks */ = {
			isa = PBXFrameworksBuildPhase;
			buildActionMask = 2147483647;
			files = (
			);
			runOnlyForDeploymentPostprocessing = 0;
		};
		CDBFFB112BD597B0007B3F82 /* Frameworks */ = {
			isa = PBXFrameworksBuildPhase;
			buildActionMask = 2147483647;
			files = (
			);
			runOnlyForDeploymentPostprocessing = 0;
		};
		CDBFFB1B2BD597B0007B3F82 /* Frameworks */ = {
			isa = PBXFrameworksBuildPhase;
			buildActionMask = 2147483647;
			files = (
			);
			runOnlyForDeploymentPostprocessing = 0;
		};
/* End PBXFrameworksBuildPhase section */

/* Begin PBXGroup section */
		CDBFFAF62BD597AF007B3F82 = {
			isa = PBXGroup;
			children = (
				CDBFFB012BD597AF007B3F82 /* HolyFly_Challenge */,
				CDBFFB172BD597B0007B3F82 /* HolyFly_ChallengeTests */,
				CDBFFB212BD597B0007B3F82 /* HolyFly_ChallengeUITests */,
				CDBFFB002BD597AF007B3F82 /* Products */,
			);
			sourceTree = "<group>";
		};
		CDBFFB002BD597AF007B3F82 /* Products */ = {
			isa = PBXGroup;
			children = (
				CDBFFAFF2BD597AF007B3F82 /* HolyFly_Challenge.app */,
				CDBFFB142BD597B0007B3F82 /* HolyFly_ChallengeTests.xctest */,
				CDBFFB1E2BD597B0007B3F82 /* HolyFly_ChallengeUITests.xctest */,
			);
			name = Products;
			sourceTree = "<group>";
		};
		CDBFFB012BD597AF007B3F82 /* HolyFly_Challenge */ = {
			isa = PBXGroup;
			children = (
				CDBFFB312BD5E8C2007B3F82 /* App */,
				CDBFFB022BD597AF007B3F82 /* HolyFly_ChallengeApp.swift */,
				CDBFFB042BD597AF007B3F82 /* ContentView.swift */,
				CDBFFB062BD597B0007B3F82 /* Assets.xcassets */,
				CDBFFB0B2BD597B0007B3F82 /* Persistence.swift */,
				CDBFFB0D2BD597B0007B3F82 /* HolyFly_Challenge.xcdatamodeld */,
				CDBFFB082BD597B0007B3F82 /* Preview Content */,
			);
			path = HolyFly_Challenge;
			sourceTree = "<group>";
		};
		CDBFFB082BD597B0007B3F82 /* Preview Content */ = {
			isa = PBXGroup;
			children = (
				CDBFFB092BD597B0007B3F82 /* Preview Assets.xcassets */,
			);
			path = "Preview Content";
			sourceTree = "<group>";
		};
		CDBFFB172BD597B0007B3F82 /* HolyFly_ChallengeTests */ = {
			isa = PBXGroup;
			children = (
				CDBFFB182BD597B0007B3F82 /* HolyFly_ChallengeTests.swift */,
			);
			path = HolyFly_ChallengeTests;
			sourceTree = "<group>";
		};
		CDBFFB212BD597B0007B3F82 /* HolyFly_ChallengeUITests */ = {
			isa = PBXGroup;
			children = (
				CDBFFB222BD597B0007B3F82 /* HolyFly_ChallengeUITests.swift */,
				CDBFFB242BD597B0007B3F82 /* HolyFly_ChallengeUITestsLaunchTests.swift */,
			);
			path = HolyFly_ChallengeUITests;
			sourceTree = "<group>";
		};
		CDBFFB312BD5E8C2007B3F82 /* App */ = {
			isa = PBXGroup;
			children = (
				CDBFFB362BD5EE63007B3F82 /* Scenes */,
				CDBFFB342BD5E8E0007B3F82 /* Common */,
				CDBFFB332BD5E8D4007B3F82 /* Resources */,
				CDBFFB322BD5E8C6007B3F82 /* Networking */,
			);
			path = App;
			sourceTree = "<group>";
		};
		CDBFFB322BD5E8C6007B3F82 /* Networking */ = {
			isa = PBXGroup;
			children = (
			);
			path = Networking;
			sourceTree = "<group>";
		};
		CDBFFB332BD5E8D4007B3F82 /* Resources */ = {
			isa = PBXGroup;
			children = (
			);
			path = Resources;
			sourceTree = "<group>";
		};
		CDBFFB342BD5E8E0007B3F82 /* Common */ = {
			isa = PBXGroup;
			children = (
			);
			path = Common;
			sourceTree = "<group>";
		};
		CDBFFB362BD5EE63007B3F82 /* Scenes */ = {
			isa = PBXGroup;
			children = (
				CDBFFB372BD5EE97007B3F82 /* LaunchView */,
				CDBFFB382BD62F0C007B3F82 /* Pokemon */,
				CDBFFB392BD62F29007B3F82 /* Detail */,
			);
			path = Scenes;
			sourceTree = "<group>";
		};
		CDBFFB372BD5EE97007B3F82 /* LaunchView */ = {
			isa = PBXGroup;
			children = (
			);
			path = LaunchView;
			sourceTree = "<group>";
		};
		CDBFFB382BD62F0C007B3F82 /* Pokemon */ = {
			isa = PBXGroup;
			children = (
				CDBFFB3A2BD62F40007B3F82 /* PokemonView.swift */,
				CDBFFB3C2BD62F48007B3F82 /* PokemonViewCell.swift */,
			);
			path = Pokemon;
			sourceTree = "<group>";
		};
		CDBFFB392BD62F29007B3F82 /* Detail */ = {
			isa = PBXGroup;
			children = (
			);
			path = Detail;
			sourceTree = "<group>";
		};
/* End PBXGroup section */

/* Begin PBXNativeTarget section */
		CDBFFAFE2BD597AF007B3F82 /* HolyFly_Challenge */ = {
			isa = PBXNativeTarget;
			buildConfigurationList = CDBFFB282BD597B0007B3F82 /* Build configuration list for PBXNativeTarget "HolyFly_Challenge" */;
			buildPhases = (
				CDBFFAFB2BD597AF007B3F82 /* Sources */,
				CDBFFAFC2BD597AF007B3F82 /* Frameworks */,
				CDBFFAFD2BD597AF007B3F82 /* Resources */,
			);
			buildRules = (
			);
			dependencies = (
			);
			name = HolyFly_Challenge;
			productName = HolyFly_Challenge;
			productReference = CDBFFAFF2BD597AF007B3F82 /* HolyFly_Challenge.app */;
			productType = "com.apple.product-type.application";
		};
		CDBFFB132BD597B0007B3F82 /* HolyFly_ChallengeTests */ = {
			isa = PBXNativeTarget;
			buildConfigurationList = CDBFFB2B2BD597B0007B3F82 /* Build configuration list for PBXNativeTarget "HolyFly_ChallengeTests" */;
			buildPhases = (
				CDBFFB102BD597B0007B3F82 /* Sources */,
				CDBFFB112BD597B0007B3F82 /* Frameworks */,
				CDBFFB122BD597B0007B3F82 /* Resources */,
			);
			buildRules = (
			);
			dependencies = (
				CDBFFB162BD597B0007B3F82 /* PBXTargetDependency */,
			);
			name = HolyFly_ChallengeTests;
			productName = HolyFly_ChallengeTests;
			productReference = CDBFFB142BD597B0007B3F82 /* HolyFly_ChallengeTests.xctest */;
			productType = "com.apple.product-type.bundle.unit-test";
		};
		CDBFFB1D2BD597B0007B3F82 /* HolyFly_ChallengeUITests */ = {
			isa = PBXNativeTarget;
			buildConfigurationList = CDBFFB2E2BD597B0007B3F82 /* Build configuration list for PBXNativeTarget "HolyFly_ChallengeUITests" */;
			buildPhases = (
				CDBFFB1A2BD597B0007B3F82 /* Sources */,
				CDBFFB1B2BD597B0007B3F82 /* Frameworks */,
				CDBFFB1C2BD597B0007B3F82 /* Resources */,
			);
			buildRules = (
			);
			dependencies = (
				CDBFFB202BD597B0007B3F82 /* PBXTargetDependency */,
			);
			name = HolyFly_ChallengeUITests;
			productName = HolyFly_ChallengeUITests;
			productReference = CDBFFB1E2BD597B0007B3F82 /* HolyFly_ChallengeUITests.xctest */;
			productType = "com.apple.product-type.bundle.ui-testing";
		};
/* End PBXNativeTarget section */

/* Begin PBXProject section */
		CDBFFAF72BD597AF007B3F82 /* Project object */ = {
			isa = PBXProject;
			attributes = {
				BuildIndependentTargetsInParallel = 1;
				LastSwiftUpdateCheck = 1530;
				LastUpgradeCheck = 1530;
				TargetAttributes = {
					CDBFFAFE2BD597AF007B3F82 = {
						CreatedOnToolsVersion = 15.3;
					};
					CDBFFB132BD597B0007B3F82 = {
						CreatedOnToolsVersion = 15.3;
						TestTargetID = CDBFFAFE2BD597AF007B3F82;
					};
					CDBFFB1D2BD597B0007B3F82 = {
						CreatedOnToolsVersion = 15.3;
						TestTargetID = CDBFFAFE2BD597AF007B3F82;
					};
				};
			};
			buildConfigurationList = CDBFFAFA2BD597AF007B3F82 /* Build configuration list for PBXProject "HolyFly_Challenge" */;
			compatibilityVersion = "Xcode 14.0";
			developmentRegion = en;
			hasScannedForEncodings = 0;
			knownRegions = (
				en,
				Base,
			);
			mainGroup = CDBFFAF62BD597AF007B3F82;
			productRefGroup = CDBFFB002BD597AF007B3F82 /* Products */;
			projectDirPath = "";
			projectRoot = "";
			targets = (
				CDBFFAFE2BD597AF007B3F82 /* HolyFly_Challenge */,
				CDBFFB132BD597B0007B3F82 /* HolyFly_ChallengeTests */,
				CDBFFB1D2BD597B0007B3F82 /* HolyFly_ChallengeUITests */,
			);
		};
/* End PBXProject section */

/* Begin PBXResourcesBuildPhase section */
		CDBFFAFD2BD597AF007B3F82 /* Resources */ = {
			isa = PBXResourcesBuildPhase;
			buildActionMask = 2147483647;
			files = (
				CDBFFB0A2BD597B0007B3F82 /* Preview Assets.xcassets in Resources */,
				CDBFFB072BD597B0007B3F82 /* Assets.xcassets in Resources */,
			);
			runOnlyForDeploymentPostprocessing = 0;
		};
		CDBFFB122BD597B0007B3F82 /* Resources */ = {
			isa = PBXResourcesBuildPhase;
			buildActionMask = 2147483647;
			files = (
			);
			runOnlyForDeploymentPostprocessing = 0;
		};
		CDBFFB1C2BD597B0007B3F82 /* Resources */ = {
			isa = PBXResourcesBuildPhase;
			buildActionMask = 2147483647;
			files = (
			);
			runOnlyForDeploymentPostprocessing = 0;
		};
/* End PBXResourcesBuildPhase section */

/* Begin PBXSourcesBuildPhase section */
		CDBFFAFB2BD597AF007B3F82 /* Sources */ = {
			isa = PBXSourcesBuildPhase;
			buildActionMask = 2147483647;
			files = (
				CDBFFB0C2BD597B0007B3F82 /* Persistence.swift in Sources */,
				CDBFFB052BD597AF007B3F82 /* ContentView.swift in Sources */,
				CDBFFB032BD597AF007B3F82 /* HolyFly_ChallengeApp.swift in Sources */,
				CDBFFB3B2BD62F40007B3F82 /* PokemonView.swift in Sources */,
				CDBFFB0F2BD597B0007B3F82 /* HolyFly_Challenge.xcdatamodeld in Sources */,
				CDBFFB3D2BD62F48007B3F82 /* PokemonViewCell.swift in Sources */,
			);
			runOnlyForDeploymentPostprocessing = 0;
		};
		CDBFFB102BD597B0007B3F82 /* Sources */ = {
			isa = PBXSourcesBuildPhase;
			buildActionMask = 2147483647;
			files = (
				CDBFFB192BD597B0007B3F82 /* HolyFly_ChallengeTests.swift in Sources */,
			);
			runOnlyForDeploymentPostprocessing = 0;
		};
		CDBFFB1A2BD597B0007B3F82 /* Sources */ = {
			isa = PBXSourcesBuildPhase;
			buildActionMask = 2147483647;
			files = (
				CDBFFB252BD597B0007B3F82 /* HolyFly_ChallengeUITestsLaunchTests.swift in Sources */,
				CDBFFB232BD597B0007B3F82 /* HolyFly_ChallengeUITests.swift in Sources */,
			);
			runOnlyForDeploymentPostprocessing = 0;
		};
/* End PBXSourcesBuildPhase section */

/* Begin PBXTargetDependency section */
		CDBFFB162BD597B0007B3F82 /* PBXTargetDependency */ = {
			isa = PBXTargetDependency;
			target = CDBFFAFE2BD597AF007B3F82 /* HolyFly_Challenge */;
			targetProxy = CDBFFB152BD597B0007B3F82 /* PBXContainerItemProxy */;
		};
		CDBFFB202BD597B0007B3F82 /* PBXTargetDependency */ = {
			isa = PBXTargetDependency;
			target = CDBFFAFE2BD597AF007B3F82 /* HolyFly_Challenge */;
			targetProxy = CDBFFB1F2BD597B0007B3F82 /* PBXContainerItemProxy */;
		};
/* End PBXTargetDependency section */

/* Begin XCBuildConfiguration section */
		CDBFFB262BD597B0007B3F82 /* Debug */ = {
			isa = XCBuildConfiguration;
			buildSettings = {
				ALWAYS_SEARCH_USER_PATHS = NO;
				ASSETCATALOG_COMPILER_GENERATE_SWIFT_ASSET_SYMBOL_EXTENSIONS = YES;
				CLANG_ANALYZER_NONNULL = YES;
				CLANG_ANALYZER_NUMBER_OBJECT_CONVERSION = YES_AGGRESSIVE;
				CLANG_CXX_LANGUAGE_STANDARD = "gnu++20";
				CLANG_ENABLE_MODULES = YES;
				CLANG_ENABLE_OBJC_ARC = YES;
				CLANG_ENABLE_OBJC_WEAK = YES;
				CLANG_WARN_BLOCK_CAPTURE_AUTORELEASING = YES;
				CLANG_WARN_BOOL_CONVERSION = YES;
				CLANG_WARN_COMMA = YES;
				CLANG_WARN_CONSTANT_CONVERSION = YES;
				CLANG_WARN_DEPRECATED_OBJC_IMPLEMENTATIONS = YES;
				CLANG_WARN_DIRECT_OBJC_ISA_USAGE = YES_ERROR;
				CLANG_WARN_DOCUMENTATION_COMMENTS = YES;
				CLANG_WARN_EMPTY_BODY = YES;
				CLANG_WARN_ENUM_CONVERSION = YES;
				CLANG_WARN_INFINITE_RECURSION = YES;
				CLANG_WARN_INT_CONVERSION = YES;
				CLANG_WARN_NON_LITERAL_NULL_CONVERSION = YES;
				CLANG_WARN_OBJC_IMPLICIT_RETAIN_SELF = YES;
				CLANG_WARN_OBJC_LITERAL_CONVERSION = YES;
				CLANG_WARN_OBJC_ROOT_CLASS = YES_ERROR;
				CLANG_WARN_QUOTED_INCLUDE_IN_FRAMEWORK_HEADER = YES;
				CLANG_WARN_RANGE_LOOP_ANALYSIS = YES;
				CLANG_WARN_STRICT_PROTOTYPES = YES;
				CLANG_WARN_SUSPICIOUS_MOVE = YES;
				CLANG_WARN_UNGUARDED_AVAILABILITY = YES_AGGRESSIVE;
				CLANG_WARN_UNREACHABLE_CODE = YES;
				CLANG_WARN__DUPLICATE_METHOD_MATCH = YES;
				COPY_PHASE_STRIP = NO;
				DEBUG_INFORMATION_FORMAT = dwarf;
				ENABLE_STRICT_OBJC_MSGSEND = YES;
				ENABLE_TESTABILITY = YES;
				ENABLE_USER_SCRIPT_SANDBOXING = YES;
				GCC_C_LANGUAGE_STANDARD = gnu17;
				GCC_DYNAMIC_NO_PIC = NO;
				GCC_NO_COMMON_BLOCKS = YES;
				GCC_OPTIMIZATION_LEVEL = 0;
				GCC_PREPROCESSOR_DEFINITIONS = (
					"DEBUG=1",
					"$(inherited)",
				);
				GCC_WARN_64_TO_32_BIT_CONVERSION = YES;
				GCC_WARN_ABOUT_RETURN_TYPE = YES_ERROR;
				GCC_WARN_UNDECLARED_SELECTOR = YES;
				GCC_WARN_UNINITIALIZED_AUTOS = YES_AGGRESSIVE;
				GCC_WARN_UNUSED_FUNCTION = YES;
				GCC_WARN_UNUSED_VARIABLE = YES;
				IPHONEOS_DEPLOYMENT_TARGET = 17.4;
				LOCALIZATION_PREFERS_STRING_CATALOGS = YES;
				MTL_ENABLE_DEBUG_INFO = INCLUDE_SOURCE;
				MTL_FAST_MATH = YES;
				ONLY_ACTIVE_ARCH = YES;
				SDKROOT = iphoneos;
				SWIFT_ACTIVE_COMPILATION_CONDITIONS = "DEBUG $(inherited)";
				SWIFT_OPTIMIZATION_LEVEL = "-Onone";
			};
			name = Debug;
		};
		CDBFFB272BD597B0007B3F82 /* Release */ = {
			isa = XCBuildConfiguration;
			buildSettings = {
				ALWAYS_SEARCH_USER_PATHS = NO;
				ASSETCATALOG_COMPILER_GENERATE_SWIFT_ASSET_SYMBOL_EXTENSIONS = YES;
				CLANG_ANALYZER_NONNULL = YES;
				CLANG_ANALYZER_NUMBER_OBJECT_CONVERSION = YES_AGGRESSIVE;
				CLANG_CXX_LANGUAGE_STANDARD = "gnu++20";
				CLANG_ENABLE_MODULES = YES;
				CLANG_ENABLE_OBJC_ARC = YES;
				CLANG_ENABLE_OBJC_WEAK = YES;
				CLANG_WARN_BLOCK_CAPTURE_AUTORELEASING = YES;
				CLANG_WARN_BOOL_CONVERSION = YES;
				CLANG_WARN_COMMA = YES;
				CLANG_WARN_CONSTANT_CONVERSION = YES;
				CLANG_WARN_DEPRECATED_OBJC_IMPLEMENTATIONS = YES;
				CLANG_WARN_DIRECT_OBJC_ISA_USAGE = YES_ERROR;
				CLANG_WARN_DOCUMENTATION_COMMENTS = YES;
				CLANG_WARN_EMPTY_BODY = YES;
				CLANG_WARN_ENUM_CONVERSION = YES;
				CLANG_WARN_INFINITE_RECURSION = YES;
				CLANG_WARN_INT_CONVERSION = YES;
				CLANG_WARN_NON_LITERAL_NULL_CONVERSION = YES;
				CLANG_WARN_OBJC_IMPLICIT_RETAIN_SELF = YES;
				CLANG_WARN_OBJC_LITERAL_CONVERSION = YES;
				CLANG_WARN_OBJC_ROOT_CLASS = YES_ERROR;
				CLANG_WARN_QUOTED_INCLUDE_IN_FRAMEWORK_HEADER = YES;
				CLANG_WARN_RANGE_LOOP_ANALYSIS = YES;
				CLANG_WARN_STRICT_PROTOTYPES = YES;
				CLANG_WARN_SUSPICIOUS_MOVE = YES;
				CLANG_WARN_UNGUARDED_AVAILABILITY = YES_AGGRESSIVE;
				CLANG_WARN_UNREACHABLE_CODE = YES;
				CLANG_WARN__DUPLICATE_METHOD_MATCH = YES;
				COPY_PHASE_STRIP = NO;
				DEBUG_INFORMATION_FORMAT = "dwarf-with-dsym";
				ENABLE_NS_ASSERTIONS = NO;
				ENABLE_STRICT_OBJC_MSGSEND = YES;
				ENABLE_USER_SCRIPT_SANDBOXING = YES;
				GCC_C_LANGUAGE_STANDARD = gnu17;
				GCC_NO_COMMON_BLOCKS = YES;
				GCC_WARN_64_TO_32_BIT_CONVERSION = YES;
				GCC_WARN_ABOUT_RETURN_TYPE = YES_ERROR;
				GCC_WARN_UNDECLARED_SELECTOR = YES;
				GCC_WARN_UNINITIALIZED_AUTOS = YES_AGGRESSIVE;
				GCC_WARN_UNUSED_FUNCTION = YES;
				GCC_WARN_UNUSED_VARIABLE = YES;
				IPHONEOS_DEPLOYMENT_TARGET = 17.4;
				LOCALIZATION_PREFERS_STRING_CATALOGS = YES;
				MTL_ENABLE_DEBUG_INFO = NO;
				MTL_FAST_MATH = YES;
				SDKROOT = iphoneos;
				SWIFT_COMPILATION_MODE = wholemodule;
				VALIDATE_PRODUCT = YES;
			};
			name = Release;
		};
		CDBFFB292BD597B0007B3F82 /* Debug */ = {
			isa = XCBuildConfiguration;
			buildSettings = {
				ASSETCATALOG_COMPILER_APPICON_NAME = AppIcon;
				ASSETCATALOG_COMPILER_GLOBAL_ACCENT_COLOR_NAME = AccentColor;
				CODE_SIGN_STYLE = Automatic;
				CURRENT_PROJECT_VERSION = 1;
				DEVELOPMENT_ASSET_PATHS = "\"HolyFly_Challenge/Preview Content\"";
				ENABLE_PREVIEWS = YES;
				GENERATE_INFOPLIST_FILE = YES;
				INFOPLIST_KEY_UIApplicationSceneManifest_Generation = YES;
				INFOPLIST_KEY_UIApplicationSupportsIndirectInputEvents = YES;
				INFOPLIST_KEY_UILaunchScreen_Generation = YES;
				INFOPLIST_KEY_UISupportedInterfaceOrientations = "UIInterfaceOrientationLandscapeLeft UIInterfaceOrientationLandscapeRight UIInterfaceOrientationPortrait";
				INFOPLIST_KEY_UISupportedInterfaceOrientations_iPad = "UIInterfaceOrientationLandscapeLeft UIInterfaceOrientationLandscapeRight UIInterfaceOrientationPortrait UIInterfaceOrientationPortraitUpsideDown";
				LD_RUNPATH_SEARCH_PATHS = (
					"$(inherited)",
					"@executable_path/Frameworks",
				);
				MARKETING_VERSION = 1.0;
				PRODUCT_BUNDLE_IDENTIFIER = "Laborit.HolyFly-Challenge";
				PRODUCT_NAME = "$(TARGET_NAME)";
				SWIFT_EMIT_LOC_STRINGS = YES;
				SWIFT_VERSION = 5.0;
				TARGETED_DEVICE_FAMILY = "1,2";
			};
			name = Debug;
		};
		CDBFFB2A2BD597B0007B3F82 /* Release */ = {
			isa = XCBuildConfiguration;
			buildSettings = {
				ASSETCATALOG_COMPILER_APPICON_NAME = AppIcon;
				ASSETCATALOG_COMPILER_GLOBAL_ACCENT_COLOR_NAME = AccentColor;
				CODE_SIGN_STYLE = Automatic;
				CURRENT_PROJECT_VERSION = 1;
				DEVELOPMENT_ASSET_PATHS = "\"HolyFly_Challenge/Preview Content\"";
				ENABLE_PREVIEWS = YES;
				GENERATE_INFOPLIST_FILE = YES;
				INFOPLIST_KEY_UIApplicationSceneManifest_Generation = YES;
				INFOPLIST_KEY_UIApplicationSupportsIndirectInputEvents = YES;
				INFOPLIST_KEY_UILaunchScreen_Generation = YES;
				INFOPLIST_KEY_UISupportedInterfaceOrientations = "UIInterfaceOrientationLandscapeLeft UIInterfaceOrientationLandscapeRight UIInterfaceOrientationPortrait";
				INFOPLIST_KEY_UISupportedInterfaceOrientations_iPad = "UIInterfaceOrientationLandscapeLeft UIInterfaceOrientationLandscapeRight UIInterfaceOrientationPortrait UIInterfaceOrientationPortraitUpsideDown";
				LD_RUNPATH_SEARCH_PATHS = (
					"$(inherited)",
					"@executable_path/Frameworks",
				);
				MARKETING_VERSION = 1.0;
				PRODUCT_BUNDLE_IDENTIFIER = "Laborit.HolyFly-Challenge";
				PRODUCT_NAME = "$(TARGET_NAME)";
				SWIFT_EMIT_LOC_STRINGS = YES;
				SWIFT_VERSION = 5.0;
				TARGETED_DEVICE_FAMILY = "1,2";
			};
			name = Release;
		};
		CDBFFB2C2BD597B0007B3F82 /* Debug */ = {
			isa = XCBuildConfiguration;
			buildSettings = {
				ALWAYS_EMBED_SWIFT_STANDARD_LIBRARIES = YES;
				BUNDLE_LOADER = "$(TEST_HOST)";
				CODE_SIGN_STYLE = Automatic;
				CURRENT_PROJECT_VERSION = 1;
				GENERATE_INFOPLIST_FILE = YES;
				IPHONEOS_DEPLOYMENT_TARGET = 17.4;
				MARKETING_VERSION = 1.0;
				PRODUCT_BUNDLE_IDENTIFIER = "Laborit.HolyFly-ChallengeTests";
				PRODUCT_NAME = "$(TARGET_NAME)";
				SWIFT_EMIT_LOC_STRINGS = NO;
				SWIFT_VERSION = 5.0;
				TARGETED_DEVICE_FAMILY = "1,2";
				TEST_HOST = "$(BUILT_PRODUCTS_DIR)/HolyFly_Challenge.app/$(BUNDLE_EXECUTABLE_FOLDER_PATH)/HolyFly_Challenge";
			};
			name = Debug;
		};
		CDBFFB2D2BD597B0007B3F82 /* Release */ = {
			isa = XCBuildConfiguration;
			buildSettings = {
				ALWAYS_EMBED_SWIFT_STANDARD_LIBRARIES = YES;
				BUNDLE_LOADER = "$(TEST_HOST)";
				CODE_SIGN_STYLE = Automatic;
				CURRENT_PROJECT_VERSION = 1;
				GENERATE_INFOPLIST_FILE = YES;
				IPHONEOS_DEPLOYMENT_TARGET = 17.4;
				MARKETING_VERSION = 1.0;
				PRODUCT_BUNDLE_IDENTIFIER = "Laborit.HolyFly-ChallengeTests";
				PRODUCT_NAME = "$(TARGET_NAME)";
				SWIFT_EMIT_LOC_STRINGS = NO;
				SWIFT_VERSION = 5.0;
				TARGETED_DEVICE_FAMILY = "1,2";
				TEST_HOST = "$(BUILT_PRODUCTS_DIR)/HolyFly_Challenge.app/$(BUNDLE_EXECUTABLE_FOLDER_PATH)/HolyFly_Challenge";
			};
			name = Release;
		};
		CDBFFB2F2BD597B0007B3F82 /* Debug */ = {
			isa = XCBuildConfiguration;
			buildSettings = {
				ALWAYS_EMBED_SWIFT_STANDARD_LIBRARIES = YES;
				CODE_SIGN_STYLE = Automatic;
				CURRENT_PROJECT_VERSION = 1;
				GENERATE_INFOPLIST_FILE = YES;
				MARKETING_VERSION = 1.0;
				PRODUCT_BUNDLE_IDENTIFIER = "Laborit.HolyFly-ChallengeUITests";
				PRODUCT_NAME = "$(TARGET_NAME)";
				SWIFT_EMIT_LOC_STRINGS = NO;
				SWIFT_VERSION = 5.0;
				TARGETED_DEVICE_FAMILY = "1,2";
				TEST_TARGET_NAME = HolyFly_Challenge;
			};
			name = Debug;
		};
		CDBFFB302BD597B0007B3F82 /* Release */ = {
			isa = XCBuildConfiguration;
			buildSettings = {
				ALWAYS_EMBED_SWIFT_STANDARD_LIBRARIES = YES;
				CODE_SIGN_STYLE = Automatic;
				CURRENT_PROJECT_VERSION = 1;
				GENERATE_INFOPLIST_FILE = YES;
				MARKETING_VERSION = 1.0;
				PRODUCT_BUNDLE_IDENTIFIER = "Laborit.HolyFly-ChallengeUITests";
				PRODUCT_NAME = "$(TARGET_NAME)";
				SWIFT_EMIT_LOC_STRINGS = NO;
				SWIFT_VERSION = 5.0;
				TARGETED_DEVICE_FAMILY = "1,2";
				TEST_TARGET_NAME = HolyFly_Challenge;
			};
			name = Release;
		};
/* End XCBuildConfiguration section */

/* Begin XCConfigurationList section */
		CDBFFAFA2BD597AF007B3F82 /* Build configuration list for PBXProject "HolyFly_Challenge" */ = {
			isa = XCConfigurationList;
			buildConfigurations = (
				CDBFFB262BD597B0007B3F82 /* Debug */,
				CDBFFB272BD597B0007B3F82 /* Release */,
			);
			defaultConfigurationIsVisible = 0;
			defaultConfigurationName = Release;
		};
		CDBFFB282BD597B0007B3F82 /* Build configuration list for PBXNativeTarget "HolyFly_Challenge" */ = {
			isa = XCConfigurationList;
			buildConfigurations = (
				CDBFFB292BD597B0007B3F82 /* Debug */,
				CDBFFB2A2BD597B0007B3F82 /* Release */,
			);
			defaultConfigurationIsVisible = 0;
			defaultConfigurationName = Release;
		};
		CDBFFB2B2BD597B0007B3F82 /* Build configuration list for PBXNativeTarget "HolyFly_ChallengeTests" */ = {
			isa = XCConfigurationList;
			buildConfigurations = (
				CDBFFB2C2BD597B0007B3F82 /* Debug */,
				CDBFFB2D2BD597B0007B3F82 /* Release */,
			);
			defaultConfigurationIsVisible = 0;
			defaultConfigurationName = Release;
		};
		CDBFFB2E2BD597B0007B3F82 /* Build configuration list for PBXNativeTarget "HolyFly_ChallengeUITests" */ = {
			isa = XCConfigurationList;
			buildConfigurations = (
				CDBFFB2F2BD597B0007B3F82 /* Debug */,
				CDBFFB302BD597B0007B3F82 /* Release */,
			);
			defaultConfigurationIsVisible = 0;
			defaultConfigurationName = Release;
		};
/* End XCConfigurationList section */

/* Begin XCVersionGroup section */
		CDBFFB0D2BD597B0007B3F82 /* HolyFly_Challenge.xcdatamodeld */ = {
			isa = XCVersionGroup;
			children = (
				CDBFFB0E2BD597B0007B3F82 /* HolyFly_Challenge.xcdatamodel */,
			);
			currentVersion = CDBFFB0E2BD597B0007B3F82 /* HolyFly_Challenge.xcdatamodel */;
			path = HolyFly_Challenge.xcdatamodeld;
			sourceTree = "<group>";
			versionGroupType = wrapper.xcdatamodel;
		};
/* End XCVersionGroup section */
	};
	rootObject = CDBFFAF72BD597AF007B3F82 /* Project object */;
}
